<Solution>
  <Folder Name="/apps/host/">
    <Project Path="apps/host/Keyina.Host.Benchmarks/Keyina.Host.Benchmarks.csproj" />
    <Project Path="apps/host/Keyina.Host.Core/Keyina.Host.Core.csproj" />
    <Project Path="apps/host/Keyina.Host/Keyina.Host.csproj" />
    <Project Path="apps/host/Keyina.Host.Tests/Keyina.Host.Tests.csproj" />
    <Project Path="apps/host/Keyina.Host.Windows/Keyina.Host.Windows.csproj" />
    <Project Path="apps/host/Keyina.Speechmatics/Keyina.Speechmatics.csproj" />
  </Folder>
  <Folder Name="/tools/brand/">
    <Project Path="tools/brand/Keyina.BrandAssets/Keyina.BrandAssets.csproj" />
  </Folder>
</Solution>
